{
  "nodes": {
    "darwin": {
      "inputs": {
        "nixpkgs": [
          "nixpkgs"
        ]
      },
      "locked": {
        "lastModified": 1762912391,
        "narHash": "sha256-4hpBE7bGd24SfD28rzMdUGXsLsNEYxCCrTipFdoqoNM=",
        "owner": "nix-darwin",
        "repo": "nix-darwin",
        "rev": "d76299b2cd01837c4c271a7b5186e3d5d8ebd126",
        "type": "github"
      },
      "original": {
        "owner": "nix-darwin",
        "ref": "nix-darwin-25.05",
        "repo": "nix-darwin",
        "type": "github"
      }
    },
    "fish-foreign-env": {
      "flake": false,
      "locked": {
        "lastModified": 1547655379,
        "narHash": "sha256-er1KI2xSUtTlQd9jZl1AjqeArrfBxrgBLcw5OqinuAM=",
        "owner": "oh-my-fish",
        "repo": "plugin-foreign-env",
        "rev": "dddd9213272a0ab848d474d0cbde12ad034e65bc",
        "type": "github"
      },
      "original": {
        "owner": "oh-my-fish",
        "repo": "plugin-foreign-env",
        "rev": "dddd9213272a0ab848d474d0cbde12ad034e65bc",
        "type": "github"
      }
    },
    "fish-fzf": {
      "flake": false,
      "locked": {
        "lastModified": 1590308198,
        "narHash": "sha256-QyCkksUYELC+TJDZS1C8aL5MBLmDcwM8gMsfkO0p4E8=",
        "owner": "jethrokuan",
        "repo": "fzf",
        "rev": "24f4739fc1dffafcc0da3ccfbbd14d9c7d31827a",
        "type": "github"
      },
      "original": {
        "owner": "jethrokuan",
        "repo": "fzf",
        "rev": "24f4739fc1dffafcc0da3ccfbbd14d9c7d31827a",
        "type": "github"
      }
    },
    "flake-compat": {
      "locked": {
        "lastModified": 1733328505,
        "narHash": "sha256-NeCCThCEP3eCl2l/+27kNNK7QrwZB1IJCrXfrbv5oqU=",
        "rev": "ff81ac966bb2cae68946d5ed5fc4994f96d0ffec",
        "revCount": 69,
        "type": "tarball",
        "url": "https://api.flakehub.com/f/pinned/edolstra/flake-compat/1.1.0/01948eb7-9cba-704f-bbf3-3fa956735b52/source.tar.gz"
      },
      "original": {
        "type": "tarball",
        "url": "https://flakehub.com/f/edolstra/flake-compat/1.tar.gz"
      }
    },
    "flake-compat_2": {
      "flake": false,
      "locked": {
        "lastModified": 1761588595,
        "narHash": "sha256-XKUZz9zewJNUj46b4AJdiRZJAvSZ0Dqj2BNfXvFlJC4=",
        "owner": "edolstra",
        "repo": "flake-compat",
        "rev": "f387cd2afec9419c8ee37694406ca490c3f34ee5",
        "type": "github"
      },
      "original": {
        "owner": "edolstra",
        "repo": "flake-compat",
        "type": "github"
      }
    },
    "flake-parts": {
      "inputs": {
        "nixpkgs-lib": [
          "neovim-nightly-overlay",
          "nixpkgs"
        ]
      },
      "locked": {
        "lastModified": 1763759067,
        "narHash": "sha256-LlLt2Jo/gMNYAwOgdRQBrsRoOz7BPRkzvNaI/fzXi2Q=",
        "owner": "hercules-ci",
        "repo": "flake-parts",
        "rev": "2cccadc7357c0ba201788ae99c4dfa90728ef5e0",
        "type": "github"
      },
      "original": {
        "owner": "hercules-ci",
        "repo": "flake-parts",
        "type": "github"
      }
    },
    "flake-parts_2": {
      "inputs": {
        "nixpkgs-lib": "nixpkgs-lib"
      },
      "locked": {
        "lastModified": 1760948891,
        "narHash": "sha256-TmWcdiUUaWk8J4lpjzu4gCGxWY6/Ok7mOK4fIFfBuU4=",
        "owner": "hercules-ci",
        "repo": "flake-parts",
        "rev": "864599284fc7c0ba6357ed89ed5e2cd5040f0c04",
        "type": "github"
      },
      "original": {
        "owner": "hercules-ci",
        "repo": "flake-parts",
        "type": "github"
      }
    },
    "flake-utils": {
      "inputs": {
        "systems": "systems"
      },
      "locked": {
        "lastModified": 1731533236,
        "narHash": "sha256-l0KFg5HjrsfsO/JpG+r7fRrqm12kzFHyUHqHCVpMMbI=",
        "owner": "numtide",
        "repo": "flake-utils",
        "rev": "11707dc2f618dd54ca8739b309ec4fc024de578b",
        "type": "github"
      },
      "original": {
        "owner": "numtide",
        "repo": "flake-utils",
        "type": "github"
      }
    },
    "home-manager": {
      "inputs": {
        "nixpkgs": [
          "nixpkgs"
        ]
      },
      "locked": {
        "lastModified": 1764194569,
        "narHash": "sha256-iUM9ktarEzThkayyZrzQ7oycPshAY2XRQqVKz0xX/L0=",
        "owner": "nix-community",
        "repo": "home-manager",
        "rev": "9651819d75f6c7ffaf8a9227490ac704f29659f0",
        "type": "github"
      },
      "original": {
        "owner": "nix-community",
        "repo": "home-manager",
        "type": "github"
      }
    },
    "jujutsu": {
      "inputs": {
        "flake-utils": "flake-utils",
        "nixpkgs": "nixpkgs",
        "rust-overlay": "rust-overlay"
      },
      "locked": {
        "lastModified": 1764220331,
        "narHash": "sha256-o6tPJKSsySpguo/RaiD+275/Q2KSkDIiQmrhTfMPg6o=",
        "owner": "martinvonz",
        "repo": "jj",
        "rev": "5ec2604af455078711daaae47fd79e3bd12af743",
        "type": "github"
      },
      "original": {
        "owner": "martinvonz",
        "repo": "jj",
        "type": "github"
      }
    },
    "neovim-nightly-overlay": {
      "inputs": {
        "flake-parts": "flake-parts",
        "neovim-src": "neovim-src",
        "nixpkgs": "nixpkgs_2"
      },
      "locked": {
        "lastModified": 1764259485,
        "narHash": "sha256-ONeC3xbN3TgmTrRDkpZeTuW6o27MQiZMT0iN6cg2vyM=",
        "owner": "nix-community",
        "repo": "neovim-nightly-overlay",
        "rev": "0c304f4bafb897253723ccc08d4a34fbe35d673b",
        "type": "github"
      },
      "original": {
        "owner": "nix-community",
        "repo": "neovim-nightly-overlay",
        "type": "github"
      }
    },
    "neovim-src": {
      "flake": false,
      "locked": {
        "lastModified": 1764200984,
        "narHash": "sha256-rNNUgg8ma3XsjNdRQIv4oMbH3BbltJl1fmpSley1e8g=",
        "owner": "neovim",
        "repo": "neovim",
        "rev": "933df9827014050be6b122d5c3c70aa13c9a46ac",
        "type": "github"
      },
      "original": {
        "owner": "neovim",
        "repo": "neovim",
        "type": "github"
      }
    },
    "nix-snapd": {
      "inputs": {
        "flake-compat": "flake-compat",
        "flake-parts": "flake-parts_2",
        "nixpkgs": [
          "nixpkgs"
        ]
      },
      "locked": {
        "lastModified": 1761703712,
        "narHash": "sha256-OKuNVXmHuZ0zi8T0aGWrBJizIfvdTqV1RiV0IN8GPZs=",
        "owner": "nix-community",
        "repo": "nix-snapd",
        "rev": "f7694a0e26d890e285137e1b726b1b44038805c4",
        "type": "github"
      },
      "original": {
        "owner": "nix-community",
        "repo": "nix-snapd",
        "type": "github"
      }
    },
    "nixos-wsl": {
      "inputs": {
        "flake-compat": "flake-compat_2",
        "nixpkgs": [
          "nixpkgs"
        ]
      },
      "locked": {
        "lastModified": 1764072830,
        "narHash": "sha256-ezkjlUCohD9o9c47Ey0/I4CamSS0QEORTqGvyGqMud0=",
        "owner": "nix-community",
        "repo": "NixOS-WSL",
        "rev": "c7832dd786175e20f2697179e0e03efadffe4201",
        "type": "github"
      },
      "original": {
        "owner": "nix-community",
        "repo": "NixOS-WSL",
        "type": "github"
      }
    },
    "nixpkgs": {
      "locked": {
        "lastModified": 1762604901,
        "narHash": "sha256-Pr2jpryIaQr9Yx8p6QssS03wqB6UifnnLr3HJw9veDw=",
        "owner": "NixOS",
        "repo": "nixpkgs",
        "rev": "f6b44b2401525650256b977063dbcf830f762369",
        "type": "github"
      },
      "original": {
        "owner": "NixOS",
        "ref": "nixpkgs-unstable",
        "repo": "nixpkgs",
        "type": "github"
      }
    },
    "nixpkgs-lib": {
      "locked": {
        "lastModified": 1754788789,
        "narHash": "sha256-x2rJ+Ovzq0sCMpgfgGaaqgBSwY+LST+WbZ6TytnT9Rk=",
        "owner": "nix-community",
        "repo": "nixpkgs.lib",
        "rev": "a73b9c743612e4244d865a2fdee11865283c04e6",
        "type": "github"
      },
      "original": {
        "owner": "nix-community",
        "repo": "nixpkgs.lib",
        "type": "github"
      }
    },
    "nixpkgs-master": {
      "locked": {
        "lastModified": 1764262707,
        "narHash": "sha256-3PtyCm05ZfxPPGCf/7peSv6R9LQsC+mfRclmkjKgnAw=",
        "owner": "nixos",
        "repo": "nixpkgs",
        "rev": "e0afc40ec5fc68879cc79a2f34e19aa7b5f080d7",
        "type": "github"
      },
      "original": {
        "owner": "nixos",
        "repo": "nixpkgs",
        "type": "github"
      }
    },
    "nixpkgs-old-ibus": {
      "locked": {
        "lastModified": 1716715802,
        "narHash": "sha256-usk0vE7VlxPX8jOavrtpOqphdfqEQpf9lgedlY/r66c=",
        "owner": "nixos",
        "repo": "nixpkgs",
        "rev": "e2dd4e18cc1c7314e24154331bae07df76eb582f",
        "type": "github"
      },
      "original": {
        "owner": "nixos",
        "repo": "nixpkgs",
        "rev": "e2dd4e18cc1c7314e24154331bae07df76eb582f",
        "type": "github"
      }
    },
    "nixpkgs-unstable": {
      "locked": {
        "lastModified": 1764167966,
        "narHash": "sha256-nXv6xb7cq+XpjBYIjWEGTLCqQetxJu6zvVlrqHMsCOA=",
        "owner": "nixos",
        "repo": "nixpkgs",
        "rev": "5c46f3bd98147c8d82366df95bbef2cab3a967ea",
        "type": "github"
      },
      "original": {
        "owner": "nixos",
        "ref": "nixpkgs-unstable",
        "repo": "nixpkgs",
        "type": "github"
      }
    },
    "nixpkgs_2": {
      "locked": {
        "lastModified": 1764138170,
        "narHash": "sha256-2bCmfCUZyi2yj9FFXYKwsDiaZmizN75cLhI/eWmf3tk=",
        "owner": "NixOS",
        "repo": "nixpkgs",
        "rev": "bb813de6d2241bcb1b5af2d3059f560c66329967",
        "type": "github"
      },
      "original": {
        "owner": "NixOS",
        "ref": "nixpkgs-unstable",
        "repo": "nixpkgs",
        "type": "github"
      }
    },
    "nixpkgs_3": {
      "locked": {
        "lastModified": 1763948260,
        "narHash": "sha256-dY9qLD0H0zOUgU3vWacPY6Qc421BeQAfm8kBuBtPVE0=",
        "owner": "nixos",
        "repo": "nixpkgs",
        "rev": "1c8ba8d3f7634acac4a2094eef7c32ad9106532c",
        "type": "github"
      },
      "original": {
        "owner": "nixos",
        "ref": "nixos-25.05",
        "repo": "nixpkgs",
        "type": "github"
      }
    },
    "root": {
      "inputs": {
        "darwin": "darwin",
        "fish-foreign-env": "fish-foreign-env",
        "fish-fzf": "fish-fzf",
        "home-manager": "home-manager",
        "jujutsu": "jujutsu",
        "neovim-nightly-overlay": "neovim-nightly-overlay",
        "nix-snapd": "nix-snapd",
        "nixos-wsl": "nixos-wsl",
        "nixpkgs": "nixpkgs_3",
        "nixpkgs-master": "nixpkgs-master",
        "nixpkgs-old-ibus": "nixpkgs-old-ibus",
        "nixpkgs-unstable": "nixpkgs-unstable",
        "theme-bobthefish": "theme-bobthefish"
      }
    },
    "rust-overlay": {
      "inputs": {
        "nixpkgs": [
          "jujutsu",
          "nixpkgs"
        ]
      },
      "locked": {
        "lastModified": 1762915112,
        "narHash": "sha256-d9j1g8nKmYDHy+/bIOPQTh9IwjRliqaTM0QLHMV92Ic=",
        "owner": "oxalica",
        "repo": "rust-overlay",
        "rev": "aa1e85921cfa04de7b6914982a94621fbec5cc02",
        "type": "github"
      },
      "original": {
        "owner": "oxalica",
        "repo": "rust-overlay",
        "type": "github"
      }
    },
    "systems": {
      "locked": {
        "lastModified": 1681028828,
        "narHash": "sha256-Vy1rq5AaRuLzOxct8nz4T6wlgyUR7zLU309k9mBC768=",
        "owner": "nix-systems",
        "repo": "default",
        "rev": "da67096a3b9bf56a91d16901293e51ba5b49a27e",
        "type": "github"
      },
      "original": {
        "owner": "nix-systems",
        "repo": "default",
        "type": "github"
      }
    },
    "theme-bobthefish": {
      "flake": false,
      "locked": {
        "lastModified": 1727184317,
        "narHash": "sha256-cXOYvdn74H4rkMWSC7G6bT4wa9d3/3vRnKed2ixRnuA=",
        "owner": "oh-my-fish",
        "repo": "theme-bobthefish",
        "rev": "e3b4d4eafc23516e35f162686f08a42edf844e40",
        "type": "github"
      },
      "original": {
        "owner": "oh-my-fish",
        "repo": "theme-bobthefish",
        "rev": "e3b4d4eafc23516e35f162686f08a42edf844e40",
        "type": "github"
      }
    }
  },
  "root": "root",
  "version": 7
}
